// !$*UTF8*$!
{
	archiveVersion = 1;
	classes = {
	};
	objectVersion = 56;
	objects = {

/* Begin PBXBuildFile section */
		8325E5D12A8D23E40065E7DB /* FlickrApi.swift in Sources */ = {isa = PBXBuildFile; fileRef = 8325E5D02A8D23E40065E7DB /* FlickrApi.swift */; };
		835B367C2A8F9C9B00C3F4F3 /* Photo.swift in Sources */ = {isa = PBXBuildFile; fileRef = 835B367B2A8F9C9B00C3F4F3 /* Photo.swift */; };
		835B367E2A8F9CA800C3F4F3 /* PhotosResponse.swift in Sources */ = {isa = PBXBuildFile; fileRef = 835B367D2A8F9CA800C3F4F3 /* PhotosResponse.swift */; };
		835B36802A8F9DBB00C3F4F3 /* PhotoData.swift in Sources */ = {isa = PBXBuildFile; fileRef = 835B367F2A8F9DBB00C3F4F3 /* PhotoData.swift */; };
		835B36822A8FA86900C3F4F3 /* BaseViewController.swift in Sources */ = {isa = PBXBuildFile; fileRef = 835B36812A8FA86900C3F4F3 /* BaseViewController.swift */; };
		835B36842A8FA8A500C3F4F3 /* PhotoCell.swift in Sources */ = {isa = PBXBuildFile; fileRef = 835B36832A8FA8A500C3F4F3 /* PhotoCell.swift */; };
		835B36892A90AE2900C3F4F3 /* OneButtonAlert.swift in Sources */ = {isa = PBXBuildFile; fileRef = 835B36872A90AE2900C3F4F3 /* OneButtonAlert.swift */; };
		835B368A2A90AE2900C3F4F3 /* TwoButtonAlert.swift in Sources */ = {isa = PBXBuildFile; fileRef = 835B36882A90AE2900C3F4F3 /* TwoButtonAlert.swift */; };
		837DE5F62A8CAF00005390BE /* AppDelegate.swift in Sources */ = {isa = PBXBuildFile; fileRef = 837DE5F52A8CAF00005390BE /* AppDelegate.swift */; };
		837DE5F82A8CAF00005390BE /* SceneDelegate.swift in Sources */ = {isa = PBXBuildFile; fileRef = 837DE5F72A8CAF00005390BE /* SceneDelegate.swift */; };
		837DE5FA2A8CAF00005390BE /* ViewController.swift in Sources */ = {isa = PBXBuildFile; fileRef = 837DE5F92A8CAF00005390BE /* ViewController.swift */; };
		837DE5FD2A8CAF00005390BE /* Main.storyboard in Resources */ = {isa = PBXBuildFile; fileRef = 837DE5FB2A8CAF00005390BE /* Main.storyboard */; };
		837DE5FF2A8CAF01005390BE /* Assets.xcassets in Resources */ = {isa = PBXBuildFile; fileRef = 837DE5FE2A8CAF01005390BE /* Assets.xcassets */; };
		837DE6022A8CAF01005390BE /* LaunchScreen.storyboard in Resources */ = {isa = PBXBuildFile; fileRef = 837DE6002A8CAF01005390BE /* LaunchScreen.storyboard */; };
		837DE60F2A8CAFC1005390BE /* TravelLocationsMapViewController.swift in Sources */ = {isa = PBXBuildFile; fileRef = 837DE60E2A8CAFC1005390BE /* TravelLocationsMapViewController.swift */; };
		837DE6112A8CB002005390BE /* PhotoAlbumViewController.swift in Sources */ = {isa = PBXBuildFile; fileRef = 837DE6102A8CB002005390BE /* PhotoAlbumViewController.swift */; };
		837DE6132A8CB056005390BE /* APIClient.swift in Sources */ = {isa = PBXBuildFile; fileRef = 837DE6122A8CB056005390BE /* APIClient.swift */; };
		837DE6162A8CB0EA005390BE /* VirtualTourist.xcdatamodeld in Sources */ = {isa = PBXBuildFile; fileRef = 837DE6142A8CB0EA005390BE /* VirtualTourist.xcdatamodeld */; };
		837DE6182A8CB10E005390BE /* DataController.swift in Sources */ = {isa = PBXBuildFile; fileRef = 837DE6172A8CB10E005390BE /* DataController.swift */; };
/* End PBXBuildFile section */

/* Begin PBXFileReference section */
		8325E5D02A8D23E40065E7DB /* FlickrApi.swift */ = {isa = PBXFileReference; lastKnownFileType = sourcecode.swift; path = FlickrApi.swift; sourceTree = "<group>"; };
		835B367B2A8F9C9B00C3F4F3 /* Photo.swift */ = {isa = PBXFileReference; lastKnownFileType = sourcecode.swift; path = Photo.swift; sourceTree = "<group>"; };
		835B367D2A8F9CA800C3F4F3 /* PhotosResponse.swift */ = {isa = PBXFileReference; lastKnownFileType = sourcecode.swift; path = PhotosResponse.swift; sourceTree = "<group>"; };
		835B367F2A8F9DBB00C3F4F3 /* PhotoData.swift */ = {isa = PBXFileReference; lastKnownFileType = sourcecode.swift; path = PhotoData.swift; sourceTree = "<group>"; };
		835B36812A8FA86900C3F4F3 /* BaseViewController.swift */ = {isa = PBXFileReference; lastKnownFileType = sourcecode.swift; path = BaseViewController.swift; sourceTree = "<group>"; };
		835B36832A8FA8A500C3F4F3 /* PhotoCell.swift */ = {isa = PBXFileReference; lastKnownFileType = sourcecode.swift; path = PhotoCell.swift; sourceTree = "<group>"; };
		835B36872A90AE2900C3F4F3 /* OneButtonAlert.swift */ = {isa = PBXFileReference; fileEncoding = 4; lastKnownFileType = sourcecode.swift; path = OneButtonAlert.swift; sourceTree = "<group>"; };
		835B36882A90AE2900C3F4F3 /* TwoButtonAlert.swift */ = {isa = PBXFileReference; fileEncoding = 4; lastKnownFileType = sourcecode.swift; path = TwoButtonAlert.swift; sourceTree = "<group>"; };
		837DE5F22A8CAF00005390BE /* VirtualTourist.app */ = {isa = PBXFileReference; explicitFileType = wrapper.application; includeInIndex = 0; path = VirtualTourist.app; sourceTree = BUILT_PRODUCTS_DIR; };
		837DE5F52A8CAF00005390BE /* AppDelegate.swift */ = {isa = PBXFileReference; lastKnownFileType = sourcecode.swift; path = AppDelegate.swift; sourceTree = "<group>"; };
		837DE5F72A8CAF00005390BE /* SceneDelegate.swift */ = {isa = PBXFileReference; lastKnownFileType = sourcecode.swift; path = SceneDelegate.swift; sourceTree = "<group>"; };
		837DE5F92A8CAF00005390BE /* ViewController.swift */ = {isa = PBXFileReference; lastKnownFileType = sourcecode.swift; path = ViewController.swift; sourceTree = "<group>"; };
		837DE5FC2A8CAF00005390BE /* Base */ = {isa = PBXFileReference; lastKnownFileType = file.storyboard; name = Base; path = Base.lproj/Main.storyboard; sourceTree = "<group>"; };
		837DE5FE2A8CAF01005390BE /* Assets.xcassets */ = {isa = PBXFileReference; lastKnownFileType = folder.assetcatalog; path = Assets.xcassets; sourceTree = "<group>"; };
		837DE6012A8CAF01005390BE /* Base */ = {isa = PBXFileReference; lastKnownFileType = file.storyboard; name = Base; path = Base.lproj/LaunchScreen.storyboard; sourceTree = "<group>"; };
		837DE6032A8CAF01005390BE /* Info.plist */ = {isa = PBXFileReference; lastKnownFileType = text.plist.xml; path = Info.plist; sourceTree = "<group>"; };
		837DE60E2A8CAFC1005390BE /* TravelLocationsMapViewController.swift */ = {isa = PBXFileReference; lastKnownFileType = sourcecode.swift; path = TravelLocationsMapViewController.swift; sourceTree = "<group>"; };
		837DE6102A8CB002005390BE /* PhotoAlbumViewController.swift */ = {isa = PBXFileReference; lastKnownFileType = sourcecode.swift; path = PhotoAlbumViewController.swift; sourceTree = "<group>"; };
		837DE6122A8CB056005390BE /* APIClient.swift */ = {isa = PBXFileReference; lastKnownFileType = sourcecode.swift; path = APIClient.swift; sourceTree = "<group>"; };
		837DE6152A8CB0EA005390BE /* VirtualTourist.xcdatamodel */ = {isa = PBXFileReference; lastKnownFileType = wrapper.xcdatamodel; path = VirtualTourist.xcdatamodel; sourceTree = "<group>"; };
		837DE6172A8CB10E005390BE /* DataController.swift */ = {isa = PBXFileReference; lastKnownFileType = sourcecode.swift; path = DataController.swift; sourceTree = "<group>"; };
/* End PBXFileReference section */

/* Begin PBXFrameworksBuildPhase section */
		837DE5EF2A8CAF00005390BE /* Frameworks */ = {
			isa = PBXFrameworksBuildPhase;
			buildActionMask = 2147483647;
			files = (
			);
			runOnlyForDeploymentPostprocessing = 0;
		};
/* End PBXFrameworksBuildPhase section */

/* Begin PBXGroup section */
		837DE5E92A8CAF00005390BE = {
			isa = PBXGroup;
			children = (
				837DE5F42A8CAF00005390BE /* VirtualTourist */,
				837DE5F32A8CAF00005390BE /* Products */,
			);
			sourceTree = "<group>";
		};
		837DE5F32A8CAF00005390BE /* Products */ = {
			isa = PBXGroup;
			children = (
				837DE5F22A8CAF00005390BE /* VirtualTourist.app */,
			);
			name = Products;
			sourceTree = "<group>";
		};
		837DE5F42A8CAF00005390BE /* VirtualTourist */ = {
			isa = PBXGroup;
			children = (
				837DE60D2A8CAF8D005390BE /* Persistance */,
				837DE60C2A8CAF7C005390BE /* Model */,
				837DE60B2A8CAF74005390BE /* API */,
				837DE60A2A8CAF64005390BE /* ViewController */,
				837DE6092A8CAF5B005390BE /* View */,
				837DE5F52A8CAF00005390BE /* AppDelegate.swift */,
				837DE5F72A8CAF00005390BE /* SceneDelegate.swift */,
				837DE5F92A8CAF00005390BE /* ViewController.swift */,
				837DE5FB2A8CAF00005390BE /* Main.storyboard */,
				837DE5FE2A8CAF01005390BE /* Assets.xcassets */,
				837DE6002A8CAF01005390BE /* LaunchScreen.storyboard */,
				837DE6032A8CAF01005390BE /* Info.plist */,
			);
			path = VirtualTourist;
			sourceTree = "<group>";
		};
		837DE6092A8CAF5B005390BE /* View */ = {
			isa = PBXGroup;
			children = (
				835B36872A90AE2900C3F4F3 /* OneButtonAlert.swift */,
				835B36882A90AE2900C3F4F3 /* TwoButtonAlert.swift */,
				835B36832A8FA8A500C3F4F3 /* PhotoCell.swift */,
			);
			path = View;
			sourceTree = "<group>";
		};
		837DE60A2A8CAF64005390BE /* ViewController */ = {
			isa = PBXGroup;
			children = (
				837DE60E2A8CAFC1005390BE /* TravelLocationsMapViewController.swift */,
				837DE6102A8CB002005390BE /* PhotoAlbumViewController.swift */,
				835B36812A8FA86900C3F4F3 /* BaseViewController.swift */,
			);
			path = ViewController;
			sourceTree = "<group>";
		};
		837DE60B2A8CAF74005390BE /* API */ = {
			isa = PBXGroup;
			children = (
				837DE6122A8CB056005390BE /* APIClient.swift */,
				8325E5D02A8D23E40065E7DB /* FlickrApi.swift */,
			);
			path = API;
			sourceTree = "<group>";
		};
		837DE60C2A8CAF7C005390BE /* Model */ = {
			isa = PBXGroup;
			children = (
				835B367B2A8F9C9B00C3F4F3 /* Photo.swift */,
				835B367D2A8F9CA800C3F4F3 /* PhotosResponse.swift */,
				835B367F2A8F9DBB00C3F4F3 /* PhotoData.swift */,
			);
			path = Model;
			sourceTree = "<group>";
		};
		837DE60D2A8CAF8D005390BE /* Persistance */ = {
			isa = PBXGroup;
			children = (
				837DE6142A8CB0EA005390BE /* VirtualTourist.xcdatamodeld */,
				837DE6172A8CB10E005390BE /* DataController.swift */,
			);
			path = Persistance;
			sourceTree = "<group>";
		};
/* End PBXGroup section */

/* Begin PBXNativeTarget section */
		837DE5F12A8CAF00005390BE /* VirtualTourist */ = {
			isa = PBXNativeTarget;
			buildConfigurationList = 837DE6062A8CAF01005390BE /* Build configuration list for PBXNativeTarget "VirtualTourist" */;
			buildPhases = (
				837DE5EE2A8CAF00005390BE /* Sources */,
				837DE5EF2A8CAF00005390BE /* Frameworks */,
				837DE5F02A8CAF00005390BE /* Resources */,
			);
			buildRules = (
			);
			dependencies = (
			);
			name = VirtualTourist;
			productName = VirtualTourist;
			productReference = 837DE5F22A8CAF00005390BE /* VirtualTourist.app */;
			productType = "com.apple.product-type.application";
		};
/* End PBXNativeTarget section */

/* Begin PBXProject section */
		837DE5EA2A8CAF00005390BE /* Project object */ = {
			isa = PBXProject;
			attributes = {
				BuildIndependentTargetsInParallel = 1;
				LastSwiftUpdateCheck = 1430;
				LastUpgradeCheck = 1430;
				TargetAttributes = {
					837DE5F12A8CAF00005390BE = {
						CreatedOnToolsVersion = 14.3.1;
					};
				};
			};
			buildConfigurationList = 837DE5ED2A8CAF00005390BE /* Build configuration list for PBXProject "VirtualTourist" */;
			compatibilityVersion = "Xcode 14.0";
			developmentRegion = en;
			hasScannedForEncodings = 0;
			knownRegions = (
				en,
				Base,
			);
			mainGroup = 837DE5E92A8CAF00005390BE;
			productRefGroup = 837DE5F32A8CAF00005390BE /* Products */;
			projectDirPath = "";
			projectRoot = "";
			targets = (
				837DE5F12A8CAF00005390BE /* VirtualTourist */,
			);
		};
/* End PBXProject section */

/* Begin PBXResourcesBuildPhase section */
		837DE5F02A8CAF00005390BE /* Resources */ = {
			isa = PBXResourcesBuildPhase;
			buildActionMask = 2147483647;
			files = (
				837DE6022A8CAF01005390BE /* LaunchScreen.storyboard in Resources */,
				837DE5FF2A8CAF01005390BE /* Assets.xcassets in Resources */,
				837DE5FD2A8CAF00005390BE /* Main.storyboard in Resources */,
			);
			runOnlyForDeploymentPostprocessing = 0;
		};
/* End PBXResourcesBuildPhase section */

/* Begin PBXSourcesBuildPhase section */
		837DE5EE2A8CAF00005390BE /* Sources */ = {
			isa = PBXSourcesBuildPhase;
			buildActionMask = 2147483647;
			files = (
				835B36842A8FA8A500C3F4F3 /* PhotoCell.swift in Sources */,
				835B36822A8FA86900C3F4F3 /* BaseViewController.swift in Sources */,
				837DE6162A8CB0EA005390BE /* VirtualTourist.xcdatamodeld in Sources */,
				835B36802A8F9DBB00C3F4F3 /* PhotoData.swift in Sources */,
				835B368A2A90AE2900C3F4F3 /* TwoButtonAlert.swift in Sources */,
				835B36892A90AE2900C3F4F3 /* OneButtonAlert.swift in Sources */,
				837DE60F2A8CAFC1005390BE /* TravelLocationsMapViewController.swift in Sources */,
				837DE5FA2A8CAF00005390BE /* ViewController.swift in Sources */,
				837DE5F62A8CAF00005390BE /* AppDelegate.swift in Sources */,
				835B367E2A8F9CA800C3F4F3 /* PhotosResponse.swift in Sources */,
				835B367C2A8F9C9B00C3F4F3 /* Photo.swift in Sources */,
				837DE6112A8CB002005390BE /* PhotoAlbumViewController.swift in Sources */,
				8325E5D12A8D23E40065E7DB /* FlickrApi.swift in Sources */,
				837DE6182A8CB10E005390BE /* DataController.swift in Sources */,
				837DE5F82A8CAF00005390BE /* SceneDelegate.swift in Sources */,
				837DE6132A8CB056005390BE /* APIClient.swift in Sources */,
			);
			runOnlyForDeploymentPostprocessing = 0;
		};
/* End PBXSourcesBuildPhase section */

/* Begin PBXVariantGroup section */
		837DE5FB2A8CAF00005390BE /* Main.storyboard */ = {
			isa = PBXVariantGroup;
			children = (
				837DE5FC2A8CAF00005390BE /* Base */,
			);
			name = Main.storyboard;
			sourceTree = "<group>";
		};
		837DE6002A8CAF01005390BE /* LaunchScreen.storyboard */ = {
			isa = PBXVariantGroup;
			children = (
				837DE6012A8CAF01005390BE /* Base */,
			);
			name = LaunchScreen.storyboard;
			sourceTree = "<group>";
		};
/* End PBXVariantGroup section */

/* Begin XCBuildConfiguration section */
		837DE6042A8CAF01005390BE /* Debug */ = {
			isa = XCBuildConfiguration;
			buildSettings = {
				ALWAYS_SEARCH_USER_PATHS = NO;
				CLANG_ANALYZER_NONNULL = YES;
				CLANG_ANALYZER_NUMBER_OBJECT_CONVERSION = YES_AGGRESSIVE;
				CLANG_CXX_LANGUAGE_STANDARD = "gnu++20";
				CLANG_ENABLE_MODULES = YES;
				CLANG_ENABLE_OBJC_ARC = YES;
				CLANG_ENABLE_OBJC_WEAK = YES;
				CLANG_WARN_BLOCK_CAPTURE_AUTORELEASING = YES;
				CLANG_WARN_BOOL_CONVERSION = YES;
				CLANG_WARN_COMMA = YES;
				CLANG_WARN_CONSTANT_CONVERSION = YES;
				CLANG_WARN_DEPRECATED_OBJC_IMPLEMENTATIONS = YES;
				CLANG_WARN_DIRECT_OBJC_ISA_USAGE = YES_ERROR;
				CLANG_WARN_DOCUMENTATION_COMMENTS = YES;
				CLANG_WARN_EMPTY_BODY = YES;
				CLANG_WARN_ENUM_CONVERSION = YES;
				CLANG_WARN_INFINITE_RECURSION = YES;
				CLANG_WARN_INT_CONVERSION = YES;
				CLANG_WARN_NON_LITERAL_NULL_CONVERSION = YES;
				CLANG_WARN_OBJC_IMPLICIT_RETAIN_SELF = YES;
				CLANG_WARN_OBJC_LITERAL_CONVERSION = YES;
				CLANG_WARN_OBJC_ROOT_CLASS = YES_ERROR;
				CLANG_WARN_QUOTED_INCLUDE_IN_FRAMEWORK_HEADER = YES;
				CLANG_WARN_RANGE_LOOP_ANALYSIS = YES;
				CLANG_WARN_STRICT_PROTOTYPES = YES;
				CLANG_WARN_SUSPICIOUS_MOVE = YES;
				CLANG_WARN_UNGUARDED_AVAILABILITY = YES_AGGRESSIVE;
				CLANG_WARN_UNREACHABLE_CODE = YES;
				CLANG_WARN__DUPLICATE_METHOD_MATCH = YES;
				COPY_PHASE_STRIP = NO;
				DEBUG_INFORMATION_FORMAT = dwarf;
				ENABLE_STRICT_OBJC_MSGSEND = YES;
				ENABLE_TESTABILITY = YES;
				GCC_C_LANGUAGE_STANDARD = gnu11;
				GCC_DYNAMIC_NO_PIC = NO;
				GCC_NO_COMMON_BLOCKS = YES;
				GCC_OPTIMIZATION_LEVEL = 0;
				GCC_PREPROCESSOR_DEFINITIONS = (
					"DEBUG=1",
					"$(inherited)",
				);
				GCC_WARN_64_TO_32_BIT_CONVERSION = YES;
				GCC_WARN_ABOUT_RETURN_TYPE = YES_ERROR;
				GCC_WARN_UNDECLARED_SELECTOR = YES;
				GCC_WARN_UNINITIALIZED_AUTOS = YES_AGGRESSIVE;
				GCC_WARN_UNUSED_FUNCTION = YES;
				GCC_WARN_UNUSED_VARIABLE = YES;
				IPHONEOS_DEPLOYMENT_TARGET = 16.4;
				MTL_ENABLE_DEBUG_INFO = INCLUDE_SOURCE;
				MTL_FAST_MATH = YES;
				ONLY_ACTIVE_ARCH = YES;
				SDKROOT = iphoneos;
				SWIFT_ACTIVE_COMPILATION_CONDITIONS = DEBUG;
				SWIFT_OPTIMIZATION_LEVEL = "-Onone";
			};
			name = Debug;
		};
		837DE6052A8CAF01005390BE /* Release */ = {
			isa = XCBuildConfiguration;
			buildSettings = {
				ALWAYS_SEARCH_USER_PATHS = NO;
				CLANG_ANALYZER_NONNULL = YES;
				CLANG_ANALYZER_NUMBER_OBJECT_CONVERSION = YES_AGGRESSIVE;
				CLANG_CXX_LANGUAGE_STANDARD = "gnu++20";
				CLANG_ENABLE_MODULES = YES;
				CLANG_ENABLE_OBJC_ARC = YES;
				CLANG_ENABLE_OBJC_WEAK = YES;
				CLANG_WARN_BLOCK_CAPTURE_AUTORELEASING = YES;
				CLANG_WARN_BOOL_CONVERSION = YES;
				CLANG_WARN_COMMA = YES;
				CLANG_WARN_CONSTANT_CONVERSION = YES;
				CLANG_WARN_DEPRECATED_OBJC_IMPLEMENTATIONS = YES;
				CLANG_WARN_DIRECT_OBJC_ISA_USAGE = YES_ERROR;
				CLANG_WARN_DOCUMENTATION_COMMENTS = YES;
				CLANG_WARN_EMPTY_BODY = YES;
				CLANG_WARN_ENUM_CONVERSION = YES;
				CLANG_WARN_INFINITE_RECURSION = YES;
				CLANG_WARN_INT_CONVERSION = YES;
				CLANG_WARN_NON_LITERAL_NULL_CONVERSION = YES;
				CLANG_WARN_OBJC_IMPLICIT_RETAIN_SELF = YES;
				CLANG_WARN_OBJC_LITERAL_CONVERSION = YES;
				CLANG_WARN_OBJC_ROOT_CLASS = YES_ERROR;
				CLANG_WARN_QUOTED_INCLUDE_IN_FRAMEWORK_HEADER = YES;
				CLANG_WARN_RANGE_LOOP_ANALYSIS = YES;
				CLANG_WARN_STRICT_PROTOTYPES = YES;
				CLANG_WARN_SUSPICIOUS_MOVE = YES;
				CLANG_WARN_UNGUARDED_AVAILABILITY = YES_AGGRESSIVE;
				CLANG_WARN_UNREACHABLE_CODE = YES;
				CLANG_WARN__DUPLICATE_METHOD_MATCH = YES;
				COPY_PHASE_STRIP = NO;
				DEBUG_INFORMATION_FORMAT = "dwarf-with-dsym";
				ENABLE_NS_ASSERTIONS = NO;
				ENABLE_STRICT_OBJC_MSGSEND = YES;
				GCC_C_LANGUAGE_STANDARD = gnu11;
				GCC_NO_COMMON_BLOCKS = YES;
				GCC_WARN_64_TO_32_BIT_CONVERSION = YES;
				GCC_WARN_ABOUT_RETURN_TYPE = YES_ERROR;
				GCC_WARN_UNDECLARED_SELECTOR = YES;
				GCC_WARN_UNINITIALIZED_AUTOS = YES_AGGRESSIVE;
				GCC_WARN_UNUSED_FUNCTION = YES;
				GCC_WARN_UNUSED_VARIABLE = YES;
				IPHONEOS_DEPLOYMENT_TARGET = 16.4;
				MTL_ENABLE_DEBUG_INFO = NO;
				MTL_FAST_MATH = YES;
				SDKROOT = iphoneos;
				SWIFT_COMPILATION_MODE = wholemodule;
				SWIFT_OPTIMIZATION_LEVEL = "-O";
				VALIDATE_PRODUCT = YES;
			};
			name = Release;
		};
		837DE6072A8CAF01005390BE /* Debug */ = {
			isa = XCBuildConfiguration;
			buildSettings = {
				ASSETCATALOG_COMPILER_APPICON_NAME = AppIcon;
				ASSETCATALOG_COMPILER_GLOBAL_ACCENT_COLOR_NAME = AccentColor;
				CODE_SIGN_STYLE = Automatic;
				CURRENT_PROJECT_VERSION = 1;
				GENERATE_INFOPLIST_FILE = YES;
				INFOPLIST_FILE = VirtualTourist/Info.plist;
				INFOPLIST_KEY_UIApplicationSupportsIndirectInputEvents = YES;
				INFOPLIST_KEY_UILaunchStoryboardName = LaunchScreen;
				INFOPLIST_KEY_UIMainStoryboardFile = Main;
				INFOPLIST_KEY_UISupportedInterfaceOrientations_iPad = "UIInterfaceOrientationPortrait UIInterfaceOrientationPortraitUpsideDown UIInterfaceOrientationLandscapeLeft UIInterfaceOrientationLandscapeRight";
				INFOPLIST_KEY_UISupportedInterfaceOrientations_iPhone = "UIInterfaceOrientationPortrait UIInterfaceOrientationLandscapeLeft UIInterfaceOrientationLandscapeRight";
				LD_RUNPATH_SEARCH_PATHS = (
					"$(inherited)",
					"@executable_path/Frameworks",
				);
				MARKETING_VERSION = 1.0;
				PRODUCT_BUNDLE_IDENTIFIER = com.guidoroos.VirtualTourist;
				PRODUCT_NAME = "$(TARGET_NAME)";
				SWIFT_EMIT_LOC_STRINGS = YES;
				SWIFT_VERSION = 5.0;
				TARGETED_DEVICE_FAMILY = "1,2";
			};
			name = Debug;
		};
		837DE6082A8CAF01005390BE /* Release */ = {
			isa = XCBuildConfiguration;
			buildSettings = {
				ASSETCATALOG_COMPILER_APPICON_NAME = AppIcon;
				ASSETCATALOG_COMPILER_GLOBAL_ACCENT_COLOR_NAME = AccentColor;
				CODE_SIGN_STYLE = Automatic;
				CURRENT_PROJECT_VERSION = 1;
				GENERATE_INFOPLIST_FILE = YES;
				INFOPLIST_FILE = VirtualTourist/Info.plist;
				INFOPLIST_KEY_UIApplicationSupportsIndirectInputEvents = YES;
				INFOPLIST_KEY_UILaunchStoryboardName = LaunchScreen;
				INFOPLIST_KEY_UIMainStoryboardFile = Main;
				INFOPLIST_KEY_UISupportedInterfaceOrientations_iPad = "UIInterfaceOrientationPortrait UIInterfaceOrientationPortraitUpsideDown UIInterfaceOrientationLandscapeLeft UIInterfaceOrientationLandscapeRight";
				INFOPLIST_KEY_UISupportedInterfaceOrientations_iPhone = "UIInterfaceOrientationPortrait UIInterfaceOrientationLandscapeLeft UIInterfaceOrientationLandscapeRight";
				LD_RUNPATH_SEARCH_PATHS = (
					"$(inherited)",
					"@executable_path/Frameworks",
				);
				MARKETING_VERSION = 1.0;
				PRODUCT_BUNDLE_IDENTIFIER = com.guidoroos.VirtualTourist;
				PRODUCT_NAME = "$(TARGET_NAME)";
				SWIFT_EMIT_LOC_STRINGS = YES;
				SWIFT_VERSION = 5.0;
				TARGETED_DEVICE_FAMILY = "1,2";
			};
			name = Release;
		};
/* End XCBuildConfiguration section */

/* Begin XCConfigurationList section */
		837DE5ED2A8CAF00005390BE /* Build configuration list for PBXProject "VirtualTourist" */ = {
			isa = XCConfigurationList;
			buildConfigurations = (
				837DE6042A8CAF01005390BE /* Debug */,
				837DE6052A8CAF01005390BE /* Release */,
			);
			defaultConfigurationIsVisible = 0;
			defaultConfigurationName = Release;
		};
		837DE6062A8CAF01005390BE /* Build configuration list for PBXNativeTarget "VirtualTourist" */ = {
			isa = XCConfigurationList;
			buildConfigurations = (
				837DE6072A8CAF01005390BE /* Debug */,
				837DE6082A8CAF01005390BE /* Release */,
			);
			defaultConfigurationIsVisible = 0;
			defaultConfigurationName = Release;
		};
/* End XCConfigurationList section */

/* Begin XCVersionGroup section */
		837DE6142A8CB0EA005390BE /* VirtualTourist.xcdatamodeld */ = {
			isa = XCVersionGroup;
			children = (
				837DE6152A8CB0EA005390BE /* VirtualTourist.xcdatamodel */,
			);
			currentVersion = 837DE6152A8CB0EA005390BE /* VirtualTourist.xcdatamodel */;
			path = VirtualTourist.xcdatamodeld;
			sourceTree = "<group>";
			versionGroupType = wrapper.xcdatamodel;
		};
/* End XCVersionGroup section */
	};
	rootObject = 837DE5EA2A8CAF00005390BE /* Project object */;
}
